
Microsoft Visual Studio Solution File, Format Version 11.00
# Visual Studio 2010
Project("{FAE04EC0-301F-11D3-BF4B-00C04F79EFBC}") = "GameIteration02_00", "Assembly-CSharp.csproj", "{A060C46D-BC6E-C1E7-A52E-2C96F2B64728}"
EndProject
Global
	GlobalSection(SolutionConfigurationPlatforms) = preSolution
		Debug|Any CPU = Debug|Any CPU
		Release|Any CPU = Release|Any CPU
	EndGlobalSection
	GlobalSection(ProjectConfigurationPlatforms) = postSolution
		{A060C46D-BC6E-C1E7-A52E-2C96F2B64728}.Debug|Any CPU.ActiveCfg = Debug|Any CPU
		{A060C46D-BC6E-C1E7-A52E-2C96F2B64728}.Debug|Any CPU.Build.0 = Debug|Any CPU
		{A060C46D-BC6E-C1E7-A52E-2C96F2B64728}.Release|Any CPU.ActiveCfg = Release|Any CPU
		{A060C46D-BC6E-C1E7-A52E-2C96F2B64728}.Release|Any CPU.Build.0 = Release|Any CPU
	EndGlobalSection
	GlobalSection(SolutionProperties) = preSolution
		HideSolutionNode = FALSE
	EndGlobalSection
	GlobalSection(MonoDevelopProperties) = preSolution
		StartupItem = Assembly-CSharp.csproj
	EndGlobalSection
EndGlobal
